
Microsoft Visual Studio Solution File, Format Version 12.00
# Visual Studio Version 16
VisualStudioVersion = 16.0.30225.117
MinimumVisualStudioVersion = 10.0.40219.1
Project("{FAE04EC0-301F-11D3-BF4B-00C04F79EFBC}") = "Less2Task2", "Less2Task2\Less2Task2.csproj", "{D93E5069-552E-41DB-8DF5-8663A8F7077D}"
EndProject
Global
	GlobalSection(SolutionConfigurationPlatforms) = preSolution
		Debug|Any CPU = Debug|Any CPU
		Release|Any CPU = Release|Any CPU
	EndGlobalSection
	GlobalSection(ProjectConfigurationPlatforms) = postSolution
		{D93E5069-552E-41DB-8DF5-8663A8F7077D}.Debug|Any CPU.ActiveCfg = Debug|Any CPU
		{D93E5069-552E-41DB-8DF5-8663A8F7077D}.Debug|Any CPU.Build.0 = Debug|Any CPU
		{D93E5069-552E-41DB-8DF5-8663A8F7077D}.Release|Any CPU.ActiveCfg = Release|Any CPU
		{D93E5069-552E-41DB-8DF5-8663A8F7077D}.Release|Any CPU.Build.0 = Release|Any CPU
	EndGlobalSection
	GlobalSection(SolutionProperties) = preSolution
		HideSolutionNode = FALSE
	EndGlobalSection
	GlobalSection(ExtensibilityGlobals) = postSolution
		SolutionGuid = {CE1DB61A-70D1-4E00-94CE-B6CDDD40B355}
	EndGlobalSection
EndGlobal
